// !$*UTF8*$!
{
	archiveVersion = 1;
	classes = {
	};
	objectVersion = 46;
	objects = {

/* Begin PBXBuildFile section */
		4AF55DF13656431BBF9A560F /* libPods.a in Frameworks */ = {isa = PBXBuildFile; fileRef = BA562FB236D04DBCB41681ED /* libPods.a */; };
		7C0BB9CE18FB6AE700E0C7BF /* NHAnalytics.m in Sources */ = {isa = PBXBuildFile; fileRef = 7C0BB9CD18FB6AE700E0C7BF /* NHAnalytics.m */; };
		7C0BB9D118FB6AF100E0C7BF /* NHServerManager.m in Sources */ = {isa = PBXBuildFile; fileRef = 7C0BB9D018FB6AF100E0C7BF /* NHServerManager.m */; };
		7CF8668F18EF51890081EE38 /* Foundation.framework in Frameworks */ = {isa = PBXBuildFile; fileRef = 7CF8668E18EF51890081EE38 /* Foundation.framework */; };
		7CF8669118EF51890081EE38 /* CoreGraphics.framework in Frameworks */ = {isa = PBXBuildFile; fileRef = 7CF8669018EF51890081EE38 /* CoreGraphics.framework */; };
		7CF8669318EF51890081EE38 /* UIKit.framework in Frameworks */ = {isa = PBXBuildFile; fileRef = 7CF8669218EF51890081EE38 /* UIKit.framework */; };
		7CF8669518EF51890081EE38 /* CoreData.framework in Frameworks */ = {isa = PBXBuildFile; fileRef = 7CF8669418EF51890081EE38 /* CoreData.framework */; };
		7CF8669B18EF51890081EE38 /* InfoPlist.strings in Resources */ = {isa = PBXBuildFile; fileRef = 7CF8669918EF51890081EE38 /* InfoPlist.strings */; };
		7CF8669D18EF51890081EE38 /* main.m in Sources */ = {isa = PBXBuildFile; fileRef = 7CF8669C18EF51890081EE38 /* main.m */; };
		7CF866A118EF51890081EE38 /* NHAppDelegate.m in Sources */ = {isa = PBXBuildFile; fileRef = 7CF866A018EF51890081EE38 /* NHAppDelegate.m */; };
		7CF866A418EF51890081EE38 /* NooraHealth.xcdatamodeld in Sources */ = {isa = PBXBuildFile; fileRef = 7CF866A218EF51890081EE38 /* NooraHealth.xcdatamodeld */; };
		7CF866A618EF51890081EE38 /* Images.xcassets in Resources */ = {isa = PBXBuildFile; fileRef = 7CF866A518EF51890081EE38 /* Images.xcassets */; };
		7CF866AD18EF51890081EE38 /* XCTest.framework in Frameworks */ = {isa = PBXBuildFile; fileRef = 7CF866AC18EF51890081EE38 /* XCTest.framework */; };
		7CF866AE18EF51890081EE38 /* Foundation.framework in Frameworks */ = {isa = PBXBuildFile; fileRef = 7CF8668E18EF51890081EE38 /* Foundation.framework */; };
		7CF866AF18EF518A0081EE38 /* UIKit.framework in Frameworks */ = {isa = PBXBuildFile; fileRef = 7CF8669218EF51890081EE38 /* UIKit.framework */; };
		7CF866B018EF518A0081EE38 /* CoreData.framework in Frameworks */ = {isa = PBXBuildFile; fileRef = 7CF8669418EF51890081EE38 /* CoreData.framework */; };
		7CF866B818EF518A0081EE38 /* InfoPlist.strings in Resources */ = {isa = PBXBuildFile; fileRef = 7CF866B618EF518A0081EE38 /* InfoPlist.strings */; };
		7CF866BA18EF518A0081EE38 /* NooraHealthTests.m in Sources */ = {isa = PBXBuildFile; fileRef = 7CF866B918EF518A0081EE38 /* NooraHealthTests.m */; };
		7CF866C418EF51AA0081EE38 /* Podfile in Resources */ = {isa = PBXBuildFile; fileRef = 7CF866C318EF51AA0081EE38 /* Podfile */; };
		7CF866C718EF52500081EE38 /* NHUser.m in Sources */ = {isa = PBXBuildFile; fileRef = 7CF866C618EF52500081EE38 /* NHUser.m */; };
		7CF866CA18EF525B0081EE38 /* NHModule.m in Sources */ = {isa = PBXBuildFile; fileRef = 7CF866C918EF525B0081EE38 /* NHModule.m */; };
		7CF866CD18EF52700081EE38 /* NHOnboardingVC.m in Sources */ = {isa = PBXBuildFile; fileRef = 7CF866CC18EF52700081EE38 /* NHOnboardingVC.m */; };
		7CF866D018EF52810081EE38 /* NHHomeVC.m in Sources */ = {isa = PBXBuildFile; fileRef = 7CF866CF18EF52810081EE38 /* NHHomeVC.m */; };
		7CF866D518EF570C0081EE38 /* NHModuleVC.m in Sources */ = {isa = PBXBuildFile; fileRef = 7CF866D418EF570C0081EE38 /* NHModuleVC.m */; };
		7CF866D818EF5F930081EE38 /* NHDisclaimerVC.m in Sources */ = {isa = PBXBuildFile; fileRef = 7CF866D718EF5F930081EE38 /* NHDisclaimerVC.m */; };
		7CF866DB18EF5FA20081EE38 /* NHLoginVC.m in Sources */ = {isa = PBXBuildFile; fileRef = 7CF866DA18EF5FA20081EE38 /* NHLoginVC.m */; };
		7CF866DE18EF5FEB0081EE38 /* NHQuizVC.m in Sources */ = {isa = PBXBuildFile; fileRef = 7CF866DD18EF5FEB0081EE38 /* NHQuizVC.m */; };
		7CF866F118EF655D0081EE38 /* apple.png in Resources */ = {isa = PBXBuildFile; fileRef = 7CF866DF18EF655D0081EE38 /* apple.png */; };
		7CF866F218EF655D0081EE38 /* house.png in Resources */ = {isa = PBXBuildFile; fileRef = 7CF866E018EF655D0081EE38 /* house.png */; };
		7CF866F318EF655D0081EE38 /* sun.png in Resources */ = {isa = PBXBuildFile; fileRef = 7CF866E118EF655D0081EE38 /* sun.png */; };
		7CF866F418EF655D0081EE38 /* water.png in Resources */ = {isa = PBXBuildFile; fileRef = 7CF866E218EF655D0081EE38 /* water.png */; };
		7CF866F518EF655D0081EE38 /* thermometer.png in Resources */ = {isa = PBXBuildFile; fileRef = 7CF866E318EF655D0081EE38 /* thermometer.png */; };
		7CF866F618EF655D0081EE38 /* IV.png in Resources */ = {isa = PBXBuildFile; fileRef = 7CF866E418EF655D0081EE38 /* IV.png */; };
		7CF866F718EF655D0081EE38 /* bandaid.png in Resources */ = {isa = PBXBuildFile; fileRef = 7CF866E518EF655D0081EE38 /* bandaid.png */; };
		7CF866F818EF655D0081EE38 /* phone.png in Resources */ = {isa = PBXBuildFile; fileRef = 7CF866E618EF655D0081EE38 /* phone.png */; };
		7CF866F918EF655D0081EE38 /* fluids.png in Resources */ = {isa = PBXBuildFile; fileRef = 7CF866E718EF655D0081EE38 /* fluids.png */; };
		7CF866FA18EF655D0081EE38 /* heart plus.png in Resources */ = {isa = PBXBuildFile; fileRef = 7CF866E818EF655D0081EE38 /* heart plus.png */; };
		7CF866FB18EF655D0081EE38 /* medical school.png in Resources */ = {isa = PBXBuildFile; fileRef = 7CF866E918EF655D0081EE38 /* medical school.png */; };
		7CF866FC18EF655D0081EE38 /* injection.png in Resources */ = {isa = PBXBuildFile; fileRef = 7CF866EA18EF655D0081EE38 /* injection.png */; };
		7CF866FD18EF655D0081EE38 /* pulse.png in Resources */ = {isa = PBXBuildFile; fileRef = 7CF866EB18EF655D0081EE38 /* pulse.png */; };
		7CF866FE18EF655D0081EE38 /* stethoscope.png in Resources */ = {isa = PBXBuildFile; fileRef = 7CF866EC18EF655D0081EE38 /* stethoscope.png */; };
		7CF866FF18EF655D0081EE38 /* medical_case.png in Resources */ = {isa = PBXBuildFile; fileRef = 7CF866ED18EF655D0081EE38 /* medical_case.png */; };
		7CF8670018EF655D0081EE38 /* pills.png in Resources */ = {isa = PBXBuildFile; fileRef = 7CF866EE18EF655D0081EE38 /* pills.png */; };
		7CF8670118EF655D0081EE38 /* settings.png in Resources */ = {isa = PBXBuildFile; fileRef = 7CF866EF18EF655D0081EE38 /* settings.png */; };
		7CF8670218EF655D0081EE38 /* home.png in Resources */ = {isa = PBXBuildFile; fileRef = 7CF866F018EF655D0081EE38 /* home.png */; };
		7CF8670618EF6BA20081EE38 /* NHSlideVC.m in Sources */ = {isa = PBXBuildFile; fileRef = 7CF8670518EF6BA20081EE38 /* NHSlideVC.m */; };
/* End PBXBuildFile section */

/* Begin PBXContainerItemProxy section */
		7CF866B118EF518A0081EE38 /* PBXContainerItemProxy */ = {
			isa = PBXContainerItemProxy;
			containerPortal = 7CF8668318EF51890081EE38 /* Project object */;
			proxyType = 1;
			remoteGlobalIDString = 7CF8668A18EF51890081EE38;
			remoteInfo = NooraHealth;
		};
/* End PBXContainerItemProxy section */

/* Begin PBXFileReference section */
		63D0E8776C484E3289BDDCD3 /* Pods.xcconfig */ = {isa = PBXFileReference; includeInIndex = 1; lastKnownFileType = text.xcconfig; name = Pods.xcconfig; path = Pods/Pods.xcconfig; sourceTree = "<group>"; };
		7C0BB9CC18FB6AE700E0C7BF /* NHAnalytics.h */ = {isa = PBXFileReference; fileEncoding = 4; lastKnownFileType = sourcecode.c.h; path = NHAnalytics.h; sourceTree = "<group>"; };
		7C0BB9CD18FB6AE700E0C7BF /* NHAnalytics.m */ = {isa = PBXFileReference; fileEncoding = 4; lastKnownFileType = sourcecode.c.objc; path = NHAnalytics.m; sourceTree = "<group>"; };
		7C0BB9CF18FB6AF100E0C7BF /* NHServerManager.h */ = {isa = PBXFileReference; fileEncoding = 4; lastKnownFileType = sourcecode.c.h; path = NHServerManager.h; sourceTree = "<group>"; };
		7C0BB9D018FB6AF100E0C7BF /* NHServerManager.m */ = {isa = PBXFileReference; fileEncoding = 4; lastKnownFileType = sourcecode.c.objc; path = NHServerManager.m; sourceTree = "<group>"; };
		7CF8668B18EF51890081EE38 /* NooraHealth.app */ = {isa = PBXFileReference; explicitFileType = wrapper.application; includeInIndex = 0; path = NooraHealth.app; sourceTree = BUILT_PRODUCTS_DIR; };
		7CF8668E18EF51890081EE38 /* Foundation.framework */ = {isa = PBXFileReference; lastKnownFileType = wrapper.framework; name = Foundation.framework; path = System/Library/Frameworks/Foundation.framework; sourceTree = SDKROOT; };
		7CF8669018EF51890081EE38 /* CoreGraphics.framework */ = {isa = PBXFileReference; lastKnownFileType = wrapper.framework; name = CoreGraphics.framework; path = System/Library/Frameworks/CoreGraphics.framework; sourceTree = SDKROOT; };
		7CF8669218EF51890081EE38 /* UIKit.framework */ = {isa = PBXFileReference; lastKnownFileType = wrapper.framework; name = UIKit.framework; path = System/Library/Frameworks/UIKit.framework; sourceTree = SDKROOT; };
		7CF8669418EF51890081EE38 /* CoreData.framework */ = {isa = PBXFileReference; lastKnownFileType = wrapper.framework; name = CoreData.framework; path = System/Library/Frameworks/CoreData.framework; sourceTree = SDKROOT; };
		7CF8669818EF51890081EE38 /* NooraHealth-Info.plist */ = {isa = PBXFileReference; lastKnownFileType = text.plist.xml; path = "NooraHealth-Info.plist"; sourceTree = "<group>"; };
		7CF8669A18EF51890081EE38 /* en */ = {isa = PBXFileReference; lastKnownFileType = text.plist.strings; name = en; path = en.lproj/InfoPlist.strings; sourceTree = "<group>"; };
		7CF8669C18EF51890081EE38 /* main.m */ = {isa = PBXFileReference; lastKnownFileType = sourcecode.c.objc; path = main.m; sourceTree = "<group>"; };
		7CF8669E18EF51890081EE38 /* NooraHealth-Prefix.pch */ = {isa = PBXFileReference; lastKnownFileType = sourcecode.c.h; path = "NooraHealth-Prefix.pch"; sourceTree = "<group>"; };
		7CF8669F18EF51890081EE38 /* NHAppDelegate.h */ = {isa = PBXFileReference; lastKnownFileType = sourcecode.c.h; path = NHAppDelegate.h; sourceTree = "<group>"; };
		7CF866A018EF51890081EE38 /* NHAppDelegate.m */ = {isa = PBXFileReference; lastKnownFileType = sourcecode.c.objc; path = NHAppDelegate.m; sourceTree = "<group>"; };
		7CF866A318EF51890081EE38 /* NooraHealth.xcdatamodel */ = {isa = PBXFileReference; lastKnownFileType = wrapper.xcdatamodel; path = NooraHealth.xcdatamodel; sourceTree = "<group>"; };
		7CF866A518EF51890081EE38 /* Images.xcassets */ = {isa = PBXFileReference; lastKnownFileType = folder.assetcatalog; path = Images.xcassets; sourceTree = "<group>"; };
		7CF866AB18EF51890081EE38 /* NooraHealthTests.xctest */ = {isa = PBXFileReference; explicitFileType = wrapper.cfbundle; includeInIndex = 0; path = NooraHealthTests.xctest; sourceTree = BUILT_PRODUCTS_DIR; };
		7CF866AC18EF51890081EE38 /* XCTest.framework */ = {isa = PBXFileReference; lastKnownFileType = wrapper.framework; name = XCTest.framework; path = Library/Frameworks/XCTest.framework; sourceTree = DEVELOPER_DIR; };
		7CF866B518EF518A0081EE38 /* NooraHealthTests-Info.plist */ = {isa = PBXFileReference; lastKnownFileType = text.plist.xml; path = "NooraHealthTests-Info.plist"; sourceTree = "<group>"; };
		7CF866B718EF518A0081EE38 /* en */ = {isa = PBXFileReference; lastKnownFileType = text.plist.strings; name = en; path = en.lproj/InfoPlist.strings; sourceTree = "<group>"; };
		7CF866B918EF518A0081EE38 /* NooraHealthTests.m */ = {isa = PBXFileReference; lastKnownFileType = sourcecode.c.objc; path = NooraHealthTests.m; sourceTree = "<group>"; };
		7CF866C318EF51AA0081EE38 /* Podfile */ = {isa = PBXFileReference; fileEncoding = 4; lastKnownFileType = text; path = Podfile; sourceTree = SOURCE_ROOT; };
		7CF866C518EF52500081EE38 /* NHUser.h */ = {isa = PBXFileReference; fileEncoding = 4; lastKnownFileType = sourcecode.c.h; path = NHUser.h; sourceTree = "<group>"; };
		7CF866C618EF52500081EE38 /* NHUser.m */ = {isa = PBXFileReference; fileEncoding = 4; lastKnownFileType = sourcecode.c.objc; path = NHUser.m; sourceTree = "<group>"; };
		7CF866C818EF525B0081EE38 /* NHModule.h */ = {isa = PBXFileReference; fileEncoding = 4; lastKnownFileType = sourcecode.c.h; path = NHModule.h; sourceTree = "<group>"; };
		7CF866C918EF525B0081EE38 /* NHModule.m */ = {isa = PBXFileReference; fileEncoding = 4; lastKnownFileType = sourcecode.c.objc; path = NHModule.m; sourceTree = "<group>"; };
		7CF866CB18EF52700081EE38 /* NHOnboardingVC.h */ = {isa = PBXFileReference; fileEncoding = 4; lastKnownFileType = sourcecode.c.h; path = NHOnboardingVC.h; sourceTree = "<group>"; };
		7CF866CC18EF52700081EE38 /* NHOnboardingVC.m */ = {isa = PBXFileReference; fileEncoding = 4; lastKnownFileType = sourcecode.c.objc; path = NHOnboardingVC.m; sourceTree = "<group>"; };
		7CF866CE18EF52810081EE38 /* NHHomeVC.h */ = {isa = PBXFileReference; fileEncoding = 4; lastKnownFileType = sourcecode.c.h; path = NHHomeVC.h; sourceTree = "<group>"; };
		7CF866CF18EF52810081EE38 /* NHHomeVC.m */ = {isa = PBXFileReference; fileEncoding = 4; lastKnownFileType = sourcecode.c.objc; path = NHHomeVC.m; sourceTree = "<group>"; };
		7CF866D318EF570C0081EE38 /* NHModuleVC.h */ = {isa = PBXFileReference; fileEncoding = 4; lastKnownFileType = sourcecode.c.h; path = NHModuleVC.h; sourceTree = "<group>"; };
		7CF866D418EF570C0081EE38 /* NHModuleVC.m */ = {isa = PBXFileReference; fileEncoding = 4; lastKnownFileType = sourcecode.c.objc; path = NHModuleVC.m; sourceTree = "<group>"; };
		7CF866D618EF5F930081EE38 /* NHDisclaimerVC.h */ = {isa = PBXFileReference; fileEncoding = 4; lastKnownFileType = sourcecode.c.h; path = NHDisclaimerVC.h; sourceTree = "<group>"; };
		7CF866D718EF5F930081EE38 /* NHDisclaimerVC.m */ = {isa = PBXFileReference; fileEncoding = 4; lastKnownFileType = sourcecode.c.objc; path = NHDisclaimerVC.m; sourceTree = "<group>"; };
		7CF866D918EF5FA20081EE38 /* NHLoginVC.h */ = {isa = PBXFileReference; fileEncoding = 4; lastKnownFileType = sourcecode.c.h; path = NHLoginVC.h; sourceTree = "<group>"; };
		7CF866DA18EF5FA20081EE38 /* NHLoginVC.m */ = {isa = PBXFileReference; fileEncoding = 4; lastKnownFileType = sourcecode.c.objc; path = NHLoginVC.m; sourceTree = "<group>"; };
		7CF866DC18EF5FEB0081EE38 /* NHQuizVC.h */ = {isa = PBXFileReference; fileEncoding = 4; lastKnownFileType = sourcecode.c.h; path = NHQuizVC.h; sourceTree = "<group>"; };
		7CF866DD18EF5FEB0081EE38 /* NHQuizVC.m */ = {isa = PBXFileReference; fileEncoding = 4; lastKnownFileType = sourcecode.c.objc; path = NHQuizVC.m; sourceTree = "<group>"; };
		7CF866DF18EF655D0081EE38 /* apple.png */ = {isa = PBXFileReference; lastKnownFileType = image.png; path = apple.png; sourceTree = "<group>"; };
		7CF866E018EF655D0081EE38 /* house.png */ = {isa = PBXFileReference; lastKnownFileType = image.png; path = house.png; sourceTree = "<group>"; };
		7CF866E118EF655D0081EE38 /* sun.png */ = {isa = PBXFileReference; lastKnownFileType = image.png; path = sun.png; sourceTree = "<group>"; };
		7CF866E218EF655D0081EE38 /* water.png */ = {isa = PBXFileReference; lastKnownFileType = image.png; path = water.png; sourceTree = "<group>"; };
		7CF866E318EF655D0081EE38 /* thermometer.png */ = {isa = PBXFileReference; lastKnownFileType = image.png; path = thermometer.png; sourceTree = "<group>"; };
		7CF866E418EF655D0081EE38 /* IV.png */ = {isa = PBXFileReference; lastKnownFileType = image.png; path = IV.png; sourceTree = "<group>"; };
		7CF866E518EF655D0081EE38 /* bandaid.png */ = {isa = PBXFileReference; lastKnownFileType = image.png; path = bandaid.png; sourceTree = "<group>"; };
		7CF866E618EF655D0081EE38 /* phone.png */ = {isa = PBXFileReference; lastKnownFileType = image.png; path = phone.png; sourceTree = "<group>"; };
		7CF866E718EF655D0081EE38 /* fluids.png */ = {isa = PBXFileReference; lastKnownFileType = image.png; path = fluids.png; sourceTree = "<group>"; };
		7CF866E818EF655D0081EE38 /* heart plus.png */ = {isa = PBXFileReference; lastKnownFileType = image.png; path = "heart plus.png"; sourceTree = "<group>"; };
		7CF866E918EF655D0081EE38 /* medical school.png */ = {isa = PBXFileReference; lastKnownFileType = image.png; path = "medical school.png"; sourceTree = "<group>"; };
		7CF866EA18EF655D0081EE38 /* injection.png */ = {isa = PBXFileReference; lastKnownFileType = image.png; path = injection.png; sourceTree = "<group>"; };
		7CF866EB18EF655D0081EE38 /* pulse.png */ = {isa = PBXFileReference; lastKnownFileType = image.png; path = pulse.png; sourceTree = "<group>"; };
		7CF866EC18EF655D0081EE38 /* stethoscope.png */ = {isa = PBXFileReference; lastKnownFileType = image.png; path = stethoscope.png; sourceTree = "<group>"; };
		7CF866ED18EF655D0081EE38 /* medical_case.png */ = {isa = PBXFileReference; lastKnownFileType = image.png; path = medical_case.png; sourceTree = "<group>"; };
		7CF866EE18EF655D0081EE38 /* pills.png */ = {isa = PBXFileReference; lastKnownFileType = image.png; path = pills.png; sourceTree = "<group>"; };
		7CF866EF18EF655D0081EE38 /* settings.png */ = {isa = PBXFileReference; lastKnownFileType = image.png; path = settings.png; sourceTree = "<group>"; };
		7CF866F018EF655D0081EE38 /* home.png */ = {isa = PBXFileReference; lastKnownFileType = image.png; path = home.png; sourceTree = "<group>"; };
		7CF8670418EF6BA20081EE38 /* NHSlideVC.h */ = {isa = PBXFileReference; fileEncoding = 4; lastKnownFileType = sourcecode.c.h; path = NHSlideVC.h; sourceTree = "<group>"; };
		7CF8670518EF6BA20081EE38 /* NHSlideVC.m */ = {isa = PBXFileReference; fileEncoding = 4; lastKnownFileType = sourcecode.c.objc; path = NHSlideVC.m; sourceTree = "<group>"; };
		BA562FB236D04DBCB41681ED /* libPods.a */ = {isa = PBXFileReference; explicitFileType = archive.ar; includeInIndex = 0; path = libPods.a; sourceTree = BUILT_PRODUCTS_DIR; };
/* End PBXFileReference section */

/* Begin PBXFrameworksBuildPhase section */
		7CF8668818EF51890081EE38 /* Frameworks */ = {
			isa = PBXFrameworksBuildPhase;
			buildActionMask = 2147483647;
			files = (
				7CF8669118EF51890081EE38 /* CoreGraphics.framework in Frameworks */,
				7CF8669518EF51890081EE38 /* CoreData.framework in Frameworks */,
				7CF8669318EF51890081EE38 /* UIKit.framework in Frameworks */,
				7CF8668F18EF51890081EE38 /* Foundation.framework in Frameworks */,
				4AF55DF13656431BBF9A560F /* libPods.a in Frameworks */,
			);
			runOnlyForDeploymentPostprocessing = 0;
		};
		7CF866A818EF51890081EE38 /* Frameworks */ = {
			isa = PBXFrameworksBuildPhase;
			buildActionMask = 2147483647;
			files = (
				7CF866AD18EF51890081EE38 /* XCTest.framework in Frameworks */,
				7CF866B018EF518A0081EE38 /* CoreData.framework in Frameworks */,
				7CF866AF18EF518A0081EE38 /* UIKit.framework in Frameworks */,
				7CF866AE18EF51890081EE38 /* Foundation.framework in Frameworks */,
			);
			runOnlyForDeploymentPostprocessing = 0;
		};
/* End PBXFrameworksBuildPhase section */

/* Begin PBXGroup section */
		7CF8668218EF51890081EE38 = {
			isa = PBXGroup;
			children = (
				7CF8669618EF51890081EE38 /* NooraHealth */,
				7CF866B318EF518A0081EE38 /* NooraHealthTests */,
				7CF8668D18EF51890081EE38 /* Frameworks */,
				7CF8668C18EF51890081EE38 /* Products */,
				63D0E8776C484E3289BDDCD3 /* Pods.xcconfig */,
			);
			sourceTree = "<group>";
		};
		7CF8668C18EF51890081EE38 /* Products */ = {
			isa = PBXGroup;
			children = (
				7CF8668B18EF51890081EE38 /* NooraHealth.app */,
				7CF866AB18EF51890081EE38 /* NooraHealthTests.xctest */,
			);
			name = Products;
			sourceTree = "<group>";
		};
		7CF8668D18EF51890081EE38 /* Frameworks */ = {
			isa = PBXGroup;
			children = (
				7CF8668E18EF51890081EE38 /* Foundation.framework */,
				7CF8669018EF51890081EE38 /* CoreGraphics.framework */,
				7CF8669218EF51890081EE38 /* UIKit.framework */,
				7CF8669418EF51890081EE38 /* CoreData.framework */,
				7CF866AC18EF51890081EE38 /* XCTest.framework */,
				BA562FB236D04DBCB41681ED /* libPods.a */,
			);
			name = Frameworks;
			sourceTree = "<group>";
		};
		7CF8669618EF51890081EE38 /* NooraHealth */ = {
			isa = PBXGroup;
			children = (
				7CF866C318EF51AA0081EE38 /* Podfile */,
				7CF8669F18EF51890081EE38 /* NHAppDelegate.h */,
				7CF866A018EF51890081EE38 /* NHAppDelegate.m */,
				7CF866D118EF533C0081EE38 /* Models Objects Managers */,
				7CF866D218EF53610081EE38 /* View Controllers */,
				7CF866A518EF51890081EE38 /* Images.xcassets */,
				7CF866A218EF51890081EE38 /* NooraHealth.xcdatamodeld */,
				7CF8669718EF51890081EE38 /* Supporting Files */,
			);
			path = NooraHealth;
			sourceTree = "<group>";
		};
		7CF8669718EF51890081EE38 /* Supporting Files */ = {
			isa = PBXGroup;
			children = (
				7CF8670318EF65650081EE38 /* Images */,
				7CF8669818EF51890081EE38 /* NooraHealth-Info.plist */,
				7CF8669918EF51890081EE38 /* InfoPlist.strings */,
				7CF8669C18EF51890081EE38 /* main.m */,
				7CF8669E18EF51890081EE38 /* NooraHealth-Prefix.pch */,
			);
			name = "Supporting Files";
			sourceTree = "<group>";
		};
		7CF866B318EF518A0081EE38 /* NooraHealthTests */ = {
			isa = PBXGroup;
			children = (
				7CF866B918EF518A0081EE38 /* NooraHealthTests.m */,
				7CF866B418EF518A0081EE38 /* Supporting Files */,
			);
			path = NooraHealthTests;
			sourceTree = "<group>";
		};
		7CF866B418EF518A0081EE38 /* Supporting Files */ = {
			isa = PBXGroup;
			children = (
				7CF866B518EF518A0081EE38 /* NooraHealthTests-Info.plist */,
				7CF866B618EF518A0081EE38 /* InfoPlist.strings */,
			);
			name = "Supporting Files";
			sourceTree = "<group>";
		};
		7CF866D118EF533C0081EE38 /* Models Objects Managers */ = {
			isa = PBXGroup;
			children = (
				7CF866C518EF52500081EE38 /* NHUser.h */,
				7CF866C618EF52500081EE38 /* NHUser.m */,
				7CF866C818EF525B0081EE38 /* NHModule.h */,
				7CF866C918EF525B0081EE38 /* NHModule.m */,
				7C0BB9CC18FB6AE700E0C7BF /* NHAnalytics.h */,
				7C0BB9CD18FB6AE700E0C7BF /* NHAnalytics.m */,
				7C0BB9CF18FB6AF100E0C7BF /* NHServerManager.h */,
				7C0BB9D018FB6AF100E0C7BF /* NHServerManager.m */,
			);
			name = "Models Objects Managers";
			sourceTree = "<group>";
		};
		7CF866D218EF53610081EE38 /* View Controllers */ = {
			isa = PBXGroup;
			children = (
				7CF8670A18EF6C670081EE38 /* Startup */,
				7CF866CE18EF52810081EE38 /* NHHomeVC.h */,
				7CF866CF18EF52810081EE38 /* NHHomeVC.m */,
				7CF866D318EF570C0081EE38 /* NHModuleVC.h */,
				7CF866D418EF570C0081EE38 /* NHModuleVC.m */,
				7CF866DC18EF5FEB0081EE38 /* NHQuizVC.h */,
				7CF866DD18EF5FEB0081EE38 /* NHQuizVC.m */,
				7CF8670418EF6BA20081EE38 /* NHSlideVC.h */,
				7CF8670518EF6BA20081EE38 /* NHSlideVC.m */,
			);
			name = "View Controllers";
			sourceTree = "<group>";
		};
		7CF8670318EF65650081EE38 /* Images */ = {
			isa = PBXGroup;
			children = (
				7CF866DF18EF655D0081EE38 /* apple.png */,
				7CF866E018EF655D0081EE38 /* house.png */,
				7CF866E118EF655D0081EE38 /* sun.png */,
				7CF866E218EF655D0081EE38 /* water.png */,
				7CF866E318EF655D0081EE38 /* thermometer.png */,
				7CF866E418EF655D0081EE38 /* IV.png */,
				7CF866E518EF655D0081EE38 /* bandaid.png */,
				7CF866E618EF655D0081EE38 /* phone.png */,
				7CF866E718EF655D0081EE38 /* fluids.png */,
				7CF866E818EF655D0081EE38 /* heart plus.png */,
				7CF866E918EF655D0081EE38 /* medical school.png */,
				7CF866EA18EF655D0081EE38 /* injection.png */,
				7CF866EB18EF655D0081EE38 /* pulse.png */,
				7CF866EC18EF655D0081EE38 /* stethoscope.png */,
				7CF866ED18EF655D0081EE38 /* medical_case.png */,
				7CF866EE18EF655D0081EE38 /* pills.png */,
				7CF866EF18EF655D0081EE38 /* settings.png */,
				7CF866F018EF655D0081EE38 /* home.png */,
			);
			name = Images;
			sourceTree = "<group>";
		};
		7CF8670A18EF6C670081EE38 /* Startup */ = {
			isa = PBXGroup;
			children = (
				7CF866CB18EF52700081EE38 /* NHOnboardingVC.h */,
				7CF866CC18EF52700081EE38 /* NHOnboardingVC.m */,
				7CF866D618EF5F930081EE38 /* NHDisclaimerVC.h */,
				7CF866D718EF5F930081EE38 /* NHDisclaimerVC.m */,
				7CF866D918EF5FA20081EE38 /* NHLoginVC.h */,
				7CF866DA18EF5FA20081EE38 /* NHLoginVC.m */,
			);
			name = Startup;
			sourceTree = "<group>";
		};
/* End PBXGroup section */

/* Begin PBXNativeTarget section */
		7CF8668A18EF51890081EE38 /* NooraHealth */ = {
			isa = PBXNativeTarget;
			buildConfigurationList = 7CF866BD18EF518A0081EE38 /* Build configuration list for PBXNativeTarget "NooraHealth" */;
			buildPhases = (
				66500C0C655E4D708F9CC0E6 /* Check Pods Manifest.lock */,
				7CF8668718EF51890081EE38 /* Sources */,
				7CF8668818EF51890081EE38 /* Frameworks */,
				7CF8668918EF51890081EE38 /* Resources */,
				EA1D343E7B124DAF8A56610F /* Copy Pods Resources */,
			);
			buildRules = (
			);
			dependencies = (
			);
			name = NooraHealth;
			productName = NooraHealth;
			productReference = 7CF8668B18EF51890081EE38 /* NooraHealth.app */;
			productType = "com.apple.product-type.application";
		};
		7CF866AA18EF51890081EE38 /* NooraHealthTests */ = {
			isa = PBXNativeTarget;
			buildConfigurationList = 7CF866C018EF518A0081EE38 /* Build configuration list for PBXNativeTarget "NooraHealthTests" */;
			buildPhases = (
				7CF866A718EF51890081EE38 /* Sources */,
				7CF866A818EF51890081EE38 /* Frameworks */,
				7CF866A918EF51890081EE38 /* Resources */,
			);
			buildRules = (
			);
			dependencies = (
				7CF866B218EF518A0081EE38 /* PBXTargetDependency */,
			);
			name = NooraHealthTests;
			productName = NooraHealthTests;
			productReference = 7CF866AB18EF51890081EE38 /* NooraHealthTests.xctest */;
			productType = "com.apple.product-type.bundle.unit-test";
		};
/* End PBXNativeTarget section */

/* Begin PBXProject section */
		7CF8668318EF51890081EE38 /* Project object */ = {
			isa = PBXProject;
			attributes = {
				CLASSPREFIX = NH;
				LastUpgradeCheck = 0500;
				ORGANIZATIONNAME = "Noora Health";
				TargetAttributes = {
					7CF866AA18EF51890081EE38 = {
						TestTargetID = 7CF8668A18EF51890081EE38;
					};
				};
			};
			buildConfigurationList = 7CF8668618EF51890081EE38 /* Build configuration list for PBXProject "NooraHealth" */;
			compatibilityVersion = "Xcode 3.2";
			developmentRegion = English;
			hasScannedForEncodings = 0;
			knownRegions = (
				en,
			);
			mainGroup = 7CF8668218EF51890081EE38;
			productRefGroup = 7CF8668C18EF51890081EE38 /* Products */;
			projectDirPath = "";
			projectRoot = "";
			targets = (
				7CF8668A18EF51890081EE38 /* NooraHealth */,
				7CF866AA18EF51890081EE38 /* NooraHealthTests */,
			);
		};
/* End PBXProject section */

/* Begin PBXResourcesBuildPhase section */
		7CF8668918EF51890081EE38 /* Resources */ = {
			isa = PBXResourcesBuildPhase;
			buildActionMask = 2147483647;
			files = (
				7CF866F918EF655D0081EE38 /* fluids.png in Resources */,
				7CF866F618EF655D0081EE38 /* IV.png in Resources */,
				7CF8670218EF655D0081EE38 /* home.png in Resources */,
				7CF866F818EF655D0081EE38 /* phone.png in Resources */,
				7CF866FF18EF655D0081EE38 /* medical_case.png in Resources */,
				7CF866FC18EF655D0081EE38 /* injection.png in Resources */,
				7CF866F318EF655D0081EE38 /* sun.png in Resources */,
				7CF866FD18EF655D0081EE38 /* pulse.png in Resources */,
				7CF866FA18EF655D0081EE38 /* heart plus.png in Resources */,
				7CF866C418EF51AA0081EE38 /* Podfile in Resources */,
				7CF8669B18EF51890081EE38 /* InfoPlist.strings in Resources */,
				7CF866F218EF655D0081EE38 /* house.png in Resources */,
				7CF866FB18EF655D0081EE38 /* medical school.png in Resources */,
				7CF866F718EF655D0081EE38 /* bandaid.png in Resources */,
				7CF8670018EF655D0081EE38 /* pills.png in Resources */,
				7CF866F118EF655D0081EE38 /* apple.png in Resources */,
				7CF866A618EF51890081EE38 /* Images.xcassets in Resources */,
				7CF8670118EF655D0081EE38 /* settings.png in Resources */,
				7CF866F518EF655D0081EE38 /* thermometer.png in Resources */,
				7CF866F418EF655D0081EE38 /* water.png in Resources */,
				7CF866FE18EF655D0081EE38 /* stethoscope.png in Resources */,
			);
			runOnlyForDeploymentPostprocessing = 0;
		};
		7CF866A918EF51890081EE38 /* Resources */ = {
			isa = PBXResourcesBuildPhase;
			buildActionMask = 2147483647;
			files = (
				7CF866B818EF518A0081EE38 /* InfoPlist.strings in Resources */,
			);
			runOnlyForDeploymentPostprocessing = 0;
		};
/* End PBXResourcesBuildPhase section */

/* Begin PBXShellScriptBuildPhase section */
		66500C0C655E4D708F9CC0E6 /* Check Pods Manifest.lock */ = {
			isa = PBXShellScriptBuildPhase;
			buildActionMask = 2147483647;
			files = (
			);
			inputPaths = (
			);
			name = "Check Pods Manifest.lock";
			outputPaths = (
			);
			runOnlyForDeploymentPostprocessing = 0;
			shellPath = /bin/sh;
			shellScript = "diff \"${PODS_ROOT}/../Podfile.lock\" \"${PODS_ROOT}/Manifest.lock\" > /dev/null\nif [[ $? != 0 ]] ; then\n    cat << EOM\nerror: The sandbox is not in sync with the Podfile.lock. Run 'pod install' or update your CocoaPods installation.\nEOM\n    exit 1\nfi\n";
			showEnvVarsInLog = 0;
		};
		EA1D343E7B124DAF8A56610F /* Copy Pods Resources */ = {
			isa = PBXShellScriptBuildPhase;
			buildActionMask = 2147483647;
			files = (
			);
			inputPaths = (
			);
			name = "Copy Pods Resources";
			outputPaths = (
			);
			runOnlyForDeploymentPostprocessing = 0;
			shellPath = /bin/sh;
			shellScript = "\"${SRCROOT}/Pods/Pods-resources.sh\"\n";
			showEnvVarsInLog = 0;
		};
/* End PBXShellScriptBuildPhase section */

/* Begin PBXSourcesBuildPhase section */
		7CF8668718EF51890081EE38 /* Sources */ = {
			isa = PBXSourcesBuildPhase;
			buildActionMask = 2147483647;
			files = (
				7CF866DB18EF5FA20081EE38 /* NHLoginVC.m in Sources */,
				7CF866CA18EF525B0081EE38 /* NHModule.m in Sources */,
				7CF866C718EF52500081EE38 /* NHUser.m in Sources */,
				7CF866D018EF52810081EE38 /* NHHomeVC.m in Sources */,
				7CF866A418EF51890081EE38 /* NooraHealth.xcdatamodeld in Sources */,
				7CF866D518EF570C0081EE38 /* NHModuleVC.m in Sources */,
				7CF8670618EF6BA20081EE38 /* NHSlideVC.m in Sources */,
				7CF866DE18EF5FEB0081EE38 /* NHQuizVC.m in Sources */,
				7C0BB9D118FB6AF100E0C7BF /* NHServerManager.m in Sources */,
				7C0BB9CE18FB6AE700E0C7BF /* NHAnalytics.m in Sources */,
				7CF866D818EF5F930081EE38 /* NHDisclaimerVC.m in Sources */,
				7CF866CD18EF52700081EE38 /* NHOnboardingVC.m in Sources */,
				7CF866A118EF51890081EE38 /* NHAppDelegate.m in Sources */,
				7CF8669D18EF51890081EE38 /* main.m in Sources */,
			);
			runOnlyForDeploymentPostprocessing = 0;
		};
		7CF866A718EF51890081EE38 /* Sources */ = {
			isa = PBXSourcesBuildPhase;
			buildActionMask = 2147483647;
			files = (
				7CF866BA18EF518A0081EE38 /* NooraHealthTests.m in Sources */,
			);
			runOnlyForDeploymentPostprocessing = 0;
		};
/* End PBXSourcesBuildPhase section */

/* Begin PBXTargetDependency section */
		7CF866B218EF518A0081EE38 /* PBXTargetDependency */ = {
			isa = PBXTargetDependency;
			target = 7CF8668A18EF51890081EE38 /* NooraHealth */;
			targetProxy = 7CF866B118EF518A0081EE38 /* PBXContainerItemProxy */;
		};
/* End PBXTargetDependency section */

/* Begin PBXVariantGroup section */
		7CF8669918EF51890081EE38 /* InfoPlist.strings */ = {
			isa = PBXVariantGroup;
			children = (
				7CF8669A18EF51890081EE38 /* en */,
			);
			name = InfoPlist.strings;
			sourceTree = "<group>";
		};
		7CF866B618EF518A0081EE38 /* InfoPlist.strings */ = {
			isa = PBXVariantGroup;
			children = (
				7CF866B718EF518A0081EE38 /* en */,
			);
			name = InfoPlist.strings;
			sourceTree = "<group>";
		};
/* End PBXVariantGroup section */

/* Begin XCBuildConfiguration section */
		7CF866BB18EF518A0081EE38 /* Debug */ = {
			isa = XCBuildConfiguration;
			buildSettings = {
				ALWAYS_SEARCH_USER_PATHS = NO;
				ARCHS = "$(ARCHS_STANDARD_INCLUDING_64_BIT)";
				CLANG_CXX_LANGUAGE_STANDARD = "gnu++0x";
				CLANG_CXX_LIBRARY = "libc++";
				CLANG_ENABLE_MODULES = YES;
				CLANG_ENABLE_OBJC_ARC = YES;
				CLANG_WARN_BOOL_CONVERSION = YES;
				CLANG_WARN_CONSTANT_CONVERSION = YES;
				CLANG_WARN_DIRECT_OBJC_ISA_USAGE = YES_ERROR;
				CLANG_WARN_EMPTY_BODY = YES;
				CLANG_WARN_ENUM_CONVERSION = YES;
				CLANG_WARN_INT_CONVERSION = YES;
				CLANG_WARN_OBJC_ROOT_CLASS = YES_ERROR;
				CLANG_WARN__DUPLICATE_METHOD_MATCH = YES;
				"CODE_SIGN_IDENTITY[sdk=iphoneos*]" = "iPhone Developer";
				COPY_PHASE_STRIP = NO;
				GCC_C_LANGUAGE_STANDARD = gnu99;
				GCC_DYNAMIC_NO_PIC = NO;
				GCC_OPTIMIZATION_LEVEL = 0;
				GCC_PREPROCESSOR_DEFINITIONS = (
					"DEBUG=1",
					"$(inherited)",
				);
				GCC_SYMBOLS_PRIVATE_EXTERN = NO;
				GCC_WARN_64_TO_32_BIT_CONVERSION = YES;
				GCC_WARN_ABOUT_RETURN_TYPE = YES_ERROR;
				GCC_WARN_UNDECLARED_SELECTOR = YES;
				GCC_WARN_UNINITIALIZED_AUTOS = YES;
				GCC_WARN_UNUSED_FUNCTION = YES;
				GCC_WARN_UNUSED_VARIABLE = YES;
				IPHONEOS_DEPLOYMENT_TARGET = 7.0;
				ONLY_ACTIVE_ARCH = YES;
				SDKROOT = iphoneos;
				TARGETED_DEVICE_FAMILY = 2;
			};
			name = Debug;
		};
		7CF866BC18EF518A0081EE38 /* Release */ = {
			isa = XCBuildConfiguration;
			buildSettings = {
				ALWAYS_SEARCH_USER_PATHS = NO;
				ARCHS = "$(ARCHS_STANDARD_INCLUDING_64_BIT)";
				CLANG_CXX_LANGUAGE_STANDARD = "gnu++0x";
				CLANG_CXX_LIBRARY = "libc++";
				CLANG_ENABLE_MODULES = YES;
				CLANG_ENABLE_OBJC_ARC = YES;
				CLANG_WARN_BOOL_CONVERSION = YES;
				CLANG_WARN_CONSTANT_CONVERSION = YES;
				CLANG_WARN_DIRECT_OBJC_ISA_USAGE = YES_ERROR;
				CLANG_WARN_EMPTY_BODY = YES;
				CLANG_WARN_ENUM_CONVERSION = YES;
				CLANG_WARN_INT_CONVERSION = YES;
				CLANG_WARN_OBJC_ROOT_CLASS = YES_ERROR;
				CLANG_WARN__DUPLICATE_METHOD_MATCH = YES;
				"CODE_SIGN_IDENTITY[sdk=iphoneos*]" = "iPhone Developer";
				COPY_PHASE_STRIP = YES;
				ENABLE_NS_ASSERTIONS = NO;
				GCC_C_LANGUAGE_STANDARD = gnu99;
				GCC_WARN_64_TO_32_BIT_CONVERSION = YES;
				GCC_WARN_ABOUT_RETURN_TYPE = YES_ERROR;
				GCC_WARN_UNDECLARED_SELECTOR = YES;
				GCC_WARN_UNINITIALIZED_AUTOS = YES;
				GCC_WARN_UNUSED_FUNCTION = YES;
				GCC_WARN_UNUSED_VARIABLE = YES;
				IPHONEOS_DEPLOYMENT_TARGET = 7.0;
				SDKROOT = iphoneos;
				TARGETED_DEVICE_FAMILY = 2;
				VALIDATE_PRODUCT = YES;
			};
			name = Release;
		};
		7CF866BE18EF518A0081EE38 /* Debug */ = {
			isa = XCBuildConfiguration;
			baseConfigurationReference = 63D0E8776C484E3289BDDCD3 /* Pods.xcconfig */;
			buildSettings = {
				ASSETCATALOG_COMPILER_APPICON_NAME = AppIcon;
				ASSETCATALOG_COMPILER_LAUNCHIMAGE_NAME = LaunchImage;
				GCC_PRECOMPILE_PREFIX_HEADER = YES;
				GCC_PREFIX_HEADER = "NooraHealth/NooraHealth-Prefix.pch";
				INFOPLIST_FILE = "NooraHealth/NooraHealth-Info.plist";
				PRODUCT_NAME = "$(TARGET_NAME)";
				WRAPPER_EXTENSION = app;
			};
			name = Debug;
		};
		7CF866BF18EF518A0081EE38 /* Release */ = {
			isa = XCBuildConfiguration;
			baseConfigurationReference = 63D0E8776C484E3289BDDCD3 /* Pods.xcconfig */;
			buildSettings = {
				ASSETCATALOG_COMPILER_APPICON_NAME = AppIcon;
				ASSETCATALOG_COMPILER_LAUNCHIMAGE_NAME = LaunchImage;
				GCC_PRECOMPILE_PREFIX_HEADER = YES;
				GCC_PREFIX_HEADER = "NooraHealth/NooraHealth-Prefix.pch";
				INFOPLIST_FILE = "NooraHealth/NooraHealth-Info.plist";
				PRODUCT_NAME = "$(TARGET_NAME)";
				WRAPPER_EXTENSION = app;
			};
			name = Release;
		};
		7CF866C118EF518A0081EE38 /* Debug */ = {
			isa = XCBuildConfiguration;
			buildSettings = {
				ARCHS = "$(ARCHS_STANDARD_INCLUDING_64_BIT)";
				BUNDLE_LOADER = "$(BUILT_PRODUCTS_DIR)/NooraHealth.app/NooraHealth";
				FRAMEWORK_SEARCH_PATHS = (
					"$(SDKROOT)/Developer/Library/Frameworks",
					"$(inherited)",
					"$(DEVELOPER_FRAMEWORKS_DIR)",
				);
				GCC_PRECOMPILE_PREFIX_HEADER = YES;
				GCC_PREFIX_HEADER = "NooraHealth/NooraHealth-Prefix.pch";
				GCC_PREPROCESSOR_DEFINITIONS = (
					"DEBUG=1",
					"$(inherited)",
				);
				INFOPLIST_FILE = "NooraHealthTests/NooraHealthTests-Info.plist";
				PRODUCT_NAME = "$(TARGET_NAME)";
				TEST_HOST = "$(BUNDLE_LOADER)";
				WRAPPER_EXTENSION = xctest;
			};
			name = Debug;
		};
		7CF866C218EF518A0081EE38 /* Release */ = {
			isa = XCBuildConfiguration;
			buildSettings = {
				ARCHS = "$(ARCHS_STANDARD_INCLUDING_64_BIT)";
				BUNDLE_LOADER = "$(BUILT_PRODUCTS_DIR)/NooraHealth.app/NooraHealth";
				FRAMEWORK_SEARCH_PATHS = (
					"$(SDKROOT)/Developer/Library/Frameworks",
					"$(inherited)",
					"$(DEVELOPER_FRAMEWORKS_DIR)",
				);
				GCC_PRECOMPILE_PREFIX_HEADER = YES;
				GCC_PREFIX_HEADER = "NooraHealth/NooraHealth-Prefix.pch";
				INFOPLIST_FILE = "NooraHealthTests/NooraHealthTests-Info.plist";
				PRODUCT_NAME = "$(TARGET_NAME)";
				TEST_HOST = "$(BUNDLE_LOADER)";
				WRAPPER_EXTENSION = xctest;
			};
			name = Release;
		};
/* End XCBuildConfiguration section */

/* Begin XCConfigurationList section */
		7CF8668618EF51890081EE38 /* Build configuration list for PBXProject "NooraHealth" */ = {
			isa = XCConfigurationList;
			buildConfigurations = (
				7CF866BB18EF518A0081EE38 /* Debug */,
				7CF866BC18EF518A0081EE38 /* Release */,
			);
			defaultConfigurationIsVisible = 0;
			defaultConfigurationName = Release;
		};
		7CF866BD18EF518A0081EE38 /* Build configuration list for PBXNativeTarget "NooraHealth" */ = {
			isa = XCConfigurationList;
			buildConfigurations = (
				7CF866BE18EF518A0081EE38 /* Debug */,
				7CF866BF18EF518A0081EE38 /* Release */,
			);
			defaultConfigurationIsVisible = 0;
			defaultConfigurationName = Release;
		};
		7CF866C018EF518A0081EE38 /* Build configuration list for PBXNativeTarget "NooraHealthTests" */ = {
			isa = XCConfigurationList;
			buildConfigurations = (
				7CF866C118EF518A0081EE38 /* Debug */,
				7CF866C218EF518A0081EE38 /* Release */,
			);
			defaultConfigurationIsVisible = 0;
			defaultConfigurationName = Release;
		};
/* End XCConfigurationList section */

/* Begin XCVersionGroup section */
		7CF866A218EF51890081EE38 /* NooraHealth.xcdatamodeld */ = {
			isa = XCVersionGroup;
			children = (
				7CF866A318EF51890081EE38 /* NooraHealth.xcdatamodel */,
			);
			currentVersion = 7CF866A318EF51890081EE38 /* NooraHealth.xcdatamodel */;
			path = NooraHealth.xcdatamodeld;
			sourceTree = "<group>";
			versionGroupType = wrapper.xcdatamodel;
		};
/* End XCVersionGroup section */
	};
	rootObject = 7CF8668318EF51890081EE38 /* Project object */;
}
